// !$*UTF8*$!
{
	archiveVersion = 1;
	classes = {
	};
	objectVersion = 51;
	objects = {

/* Begin PBXBuildFile section */
		0AAA8FEF22FD0AC800AB623C /* APIService.swift in Sources */ = {isa = PBXBuildFile; fileRef = 0AAA8FEE22FD0AC800AB623C /* APIService.swift */; };
		0AF885A522FBBA2800CDAE7C /* AppDelegate.swift in Sources */ = {isa = PBXBuildFile; fileRef = 0AF885A422FBBA2800CDAE7C /* AppDelegate.swift */; };
		0AF885AA22FBBA2800CDAE7C /* Main.storyboard in Resources */ = {isa = PBXBuildFile; fileRef = 0AF885A822FBBA2800CDAE7C /* Main.storyboard */; };
		0AF885AC22FBBA2900CDAE7C /* Assets.xcassets in Resources */ = {isa = PBXBuildFile; fileRef = 0AF885AB22FBBA2900CDAE7C /* Assets.xcassets */; };
		0AF885AF22FBBA2900CDAE7C /* LaunchScreen.storyboard in Resources */ = {isa = PBXBuildFile; fileRef = 0AF885AD22FBBA2900CDAE7C /* LaunchScreen.storyboard */; };
		0AF885BC22FBC7FE00CDAE7C /* LogoBar.swift in Sources */ = {isa = PBXBuildFile; fileRef = 0AF885BB22FBC7FE00CDAE7C /* LogoBar.swift */; };
		0AF885BE22FBC81D00CDAE7C /* MenuBar.swift in Sources */ = {isa = PBXBuildFile; fileRef = 0AF885BD22FBC81D00CDAE7C /* MenuBar.swift */; };
		0AF885C022FBC89100CDAE7C /* PersonTableViewCell.swift in Sources */ = {isa = PBXBuildFile; fileRef = 0AF885BF22FBC89100CDAE7C /* PersonTableViewCell.swift */; };
		0AF885C522FBD97700CDAE7C /* Extension.swift in Sources */ = {isa = PBXBuildFile; fileRef = 0AF885C422FBD97700CDAE7C /* Extension.swift */; };
		0AF885C722FBF41400CDAE7C /* MenuCollectionViewCell.swift in Sources */ = {isa = PBXBuildFile; fileRef = 0AF885C622FBF41400CDAE7C /* MenuCollectionViewCell.swift */; };
		0AF885C922FC398600CDAE7C /* Model.swift in Sources */ = {isa = PBXBuildFile; fileRef = 0AF885C822FC398600CDAE7C /* Model.swift */; };
		0AF885CD22FC3BC000CDAE7C /* HomeSwipViewController.swift in Sources */ = {isa = PBXBuildFile; fileRef = 0AF885CC22FC3BC000CDAE7C /* HomeSwipViewController.swift */; };
		0AF885CF22FC56A500CDAE7C /* HomeCollectionViewCell.swift in Sources */ = {isa = PBXBuildFile; fileRef = 0AF885CE22FC56A500CDAE7C /* HomeCollectionViewCell.swift */; };
		2B936FAA43B258DD0DB6A5D7 /* Pods_RedsoDemo.framework in Frameworks */ = {isa = PBXBuildFile; fileRef = 334ECE7CD53139A38E112911 /* Pods_RedsoDemo.framework */; };
/* End PBXBuildFile section */

/* Begin PBXFileReference section */
		0AAA8FEE22FD0AC800AB623C /* APIService.swift */ = {isa = PBXFileReference; lastKnownFileType = sourcecode.swift; path = APIService.swift; sourceTree = "<group>"; };
		0AF885A122FBBA2800CDAE7C /* RedsoDemo.app */ = {isa = PBXFileReference; explicitFileType = wrapper.application; includeInIndex = 0; path = RedsoDemo.app; sourceTree = BUILT_PRODUCTS_DIR; };
		0AF885A422FBBA2800CDAE7C /* AppDelegate.swift */ = {isa = PBXFileReference; lastKnownFileType = sourcecode.swift; path = AppDelegate.swift; sourceTree = "<group>"; };
		0AF885A922FBBA2800CDAE7C /* Base */ = {isa = PBXFileReference; lastKnownFileType = file.storyboard; name = Base; path = Base.lproj/Main.storyboard; sourceTree = "<group>"; };
		0AF885AB22FBBA2900CDAE7C /* Assets.xcassets */ = {isa = PBXFileReference; lastKnownFileType = folder.assetcatalog; path = Assets.xcassets; sourceTree = "<group>"; };
		0AF885AE22FBBA2900CDAE7C /* Base */ = {isa = PBXFileReference; lastKnownFileType = file.storyboard; name = Base; path = Base.lproj/LaunchScreen.storyboard; sourceTree = "<group>"; };
		0AF885B022FBBA2900CDAE7C /* Info.plist */ = {isa = PBXFileReference; lastKnownFileType = text.plist.xml; path = Info.plist; sourceTree = "<group>"; };
		0AF885BB22FBC7FE00CDAE7C /* LogoBar.swift */ = {isa = PBXFileReference; lastKnownFileType = sourcecode.swift; path = LogoBar.swift; sourceTree = "<group>"; };
		0AF885BD22FBC81D00CDAE7C /* MenuBar.swift */ = {isa = PBXFileReference; lastKnownFileType = sourcecode.swift; path = MenuBar.swift; sourceTree = "<group>"; };
		0AF885BF22FBC89100CDAE7C /* PersonTableViewCell.swift */ = {isa = PBXFileReference; lastKnownFileType = sourcecode.swift; path = PersonTableViewCell.swift; sourceTree = "<group>"; };
		0AF885C422FBD97700CDAE7C /* Extension.swift */ = {isa = PBXFileReference; lastKnownFileType = sourcecode.swift; path = Extension.swift; sourceTree = "<group>"; };
		0AF885C622FBF41400CDAE7C /* MenuCollectionViewCell.swift */ = {isa = PBXFileReference; lastKnownFileType = sourcecode.swift; path = MenuCollectionViewCell.swift; sourceTree = "<group>"; };
		0AF885C822FC398600CDAE7C /* Model.swift */ = {isa = PBXFileReference; lastKnownFileType = sourcecode.swift; path = Model.swift; sourceTree = "<group>"; };
		0AF885CC22FC3BC000CDAE7C /* HomeSwipViewController.swift */ = {isa = PBXFileReference; lastKnownFileType = sourcecode.swift; path = HomeSwipViewController.swift; sourceTree = "<group>"; };
		0AF885CE22FC56A500CDAE7C /* HomeCollectionViewCell.swift */ = {isa = PBXFileReference; lastKnownFileType = sourcecode.swift; path = HomeCollectionViewCell.swift; sourceTree = "<group>"; };
		31E83AFF5BA02E51C0E77D1F /* Pods-RedsoDemo.debug.xcconfig */ = {isa = PBXFileReference; includeInIndex = 1; lastKnownFileType = text.xcconfig; name = "Pods-RedsoDemo.debug.xcconfig"; path = "Target Support Files/Pods-RedsoDemo/Pods-RedsoDemo.debug.xcconfig"; sourceTree = "<group>"; };
		334ECE7CD53139A38E112911 /* Pods_RedsoDemo.framework */ = {isa = PBXFileReference; explicitFileType = wrapper.framework; includeInIndex = 0; path = Pods_RedsoDemo.framework; sourceTree = BUILT_PRODUCTS_DIR; };
		8F1E825274A670FDC3A87237 /* Pods-RedsoDemo.release.xcconfig */ = {isa = PBXFileReference; includeInIndex = 1; lastKnownFileType = text.xcconfig; name = "Pods-RedsoDemo.release.xcconfig"; path = "Target Support Files/Pods-RedsoDemo/Pods-RedsoDemo.release.xcconfig"; sourceTree = "<group>"; };
/* End PBXFileReference section */

/* Begin PBXFrameworksBuildPhase section */
		0AF8859E22FBBA2800CDAE7C /* Frameworks */ = {
			isa = PBXFrameworksBuildPhase;
			buildActionMask = 2147483647;
			files = (
				2B936FAA43B258DD0DB6A5D7 /* Pods_RedsoDemo.framework in Frameworks */,
			);
			runOnlyForDeploymentPostprocessing = 0;
		};
/* End PBXFrameworksBuildPhase section */

/* Begin PBXGroup section */
		0AAA8FF022FD587800AB623C /* MenuBar */ = {
			isa = PBXGroup;
			children = (
				0AF885BD22FBC81D00CDAE7C /* MenuBar.swift */,
				0AF885C622FBF41400CDAE7C /* MenuCollectionViewCell.swift */,
			);
			path = MenuBar;
			sourceTree = "<group>";
		};
		0AAA8FF122FD588800AB623C /* LogoBar */ = {
			isa = PBXGroup;
			children = (
				0AF885BB22FBC7FE00CDAE7C /* LogoBar.swift */,
			);
			path = LogoBar;
			sourceTree = "<group>";
		};
		0AAA8FF222FD592500AB623C /* DataDisplay */ = {
			isa = PBXGroup;
			children = (
				0AF885CE22FC56A500CDAE7C /* HomeCollectionViewCell.swift */,
				0AF885BF22FBC89100CDAE7C /* PersonTableViewCell.swift */,
			);
			path = DataDisplay;
			sourceTree = "<group>";
		};
		0AF8859822FBBA2800CDAE7C = {
			isa = PBXGroup;
			children = (
				0AF885A322FBBA2800CDAE7C /* RedsoDemo */,
				0AF885A222FBBA2800CDAE7C /* Products */,
				D9B5F0E9628076FCACD8C235 /* Pods */,
				2FEE896E4BAAAC3E16017435 /* Frameworks */,
			);
			sourceTree = "<group>";
		};
		0AF885A222FBBA2800CDAE7C /* Products */ = {
			isa = PBXGroup;
			children = (
				0AF885A122FBBA2800CDAE7C /* RedsoDemo.app */,
			);
			name = Products;
			sourceTree = "<group>";
		};
		0AF885A322FBBA2800CDAE7C /* RedsoDemo */ = {
			isa = PBXGroup;
			children = (
				0AF885A422FBBA2800CDAE7C /* AppDelegate.swift */,
				0AF885B822FBC21400CDAE7C /* Mode */,
				0AF885B722FBC20800CDAE7C /* Controller */,
				0AF885B622FBBBD000CDAE7C /* View */,
				0AF885C322FBD96400CDAE7C /* Extension */,
				0AF885A822FBBA2800CDAE7C /* Main.storyboard */,
				0AF885AB22FBBA2900CDAE7C /* Assets.xcassets */,
				0AF885AD22FBBA2900CDAE7C /* LaunchScreen.storyboard */,
				0AF885B022FBBA2900CDAE7C /* Info.plist */,
			);
			path = RedsoDemo;
			sourceTree = "<group>";
		};
		0AF885B622FBBBD000CDAE7C /* View */ = {
			isa = PBXGroup;
			children = (
				0AAA8FF122FD588800AB623C /* LogoBar */,
				0AAA8FF022FD587800AB623C /* MenuBar */,
				0AAA8FF222FD592500AB623C /* DataDisplay */,
			);
			path = View;
			sourceTree = "<group>";
		};
		0AF885B722FBC20800CDAE7C /* Controller */ = {
			isa = PBXGroup;
			children = (
				0AF885CC22FC3BC000CDAE7C /* HomeSwipViewController.swift */,
			);
			path = Controller;
			sourceTree = "<group>";
		};
		0AF885B822FBC21400CDAE7C /* Mode */ = {
			isa = PBXGroup;
			children = (
				0AF885C822FC398600CDAE7C /* Model.swift */,
				0AAA8FEE22FD0AC800AB623C /* APIService.swift */,
			);
			path = Mode;
			sourceTree = "<group>";
		};
		0AF885C322FBD96400CDAE7C /* Extension */ = {
			isa = PBXGroup;
			children = (
				0AF885C422FBD97700CDAE7C /* Extension.swift */,
			);
			path = Extension;
			sourceTree = "<group>";
		};
		2FEE896E4BAAAC3E16017435 /* Frameworks */ = {
			isa = PBXGroup;
			children = (
				334ECE7CD53139A38E112911 /* Pods_RedsoDemo.framework */,
			);
			name = Frameworks;
			sourceTree = "<group>";
		};
		D9B5F0E9628076FCACD8C235 /* Pods */ = {
			isa = PBXGroup;
			children = (
				31E83AFF5BA02E51C0E77D1F /* Pods-RedsoDemo.debug.xcconfig */,
				8F1E825274A670FDC3A87237 /* Pods-RedsoDemo.release.xcconfig */,
			);
			path = Pods;
			sourceTree = "<group>";
		};
/* End PBXGroup section */

/* Begin PBXNativeTarget section */
		0AF885A022FBBA2800CDAE7C /* RedsoDemo */ = {
			isa = PBXNativeTarget;
			buildConfigurationList = 0AF885B322FBBA2900CDAE7C /* Build configuration list for PBXNativeTarget "RedsoDemo" */;
			buildPhases = (
				8D99AC36F025D914FB61B7B6 /* [CP] Check Pods Manifest.lock */,
				0AF8859D22FBBA2800CDAE7C /* Sources */,
				0AF8859E22FBBA2800CDAE7C /* Frameworks */,
				0AF8859F22FBBA2800CDAE7C /* Resources */,
				0F4500E82FFCD43657DEF9C5 /* [CP] Embed Pods Frameworks */,
			);
			buildRules = (
			);
			dependencies = (
			);
			name = RedsoDemo;
			productName = RedsoDemo;
			productReference = 0AF885A122FBBA2800CDAE7C /* RedsoDemo.app */;
			productType = "com.apple.product-type.application";
		};
/* End PBXNativeTarget section */

/* Begin PBXProject section */
		0AF8859922FBBA2800CDAE7C /* Project object */ = {
			isa = PBXProject;
			attributes = {
				LastSwiftUpdateCheck = 1030;
				LastUpgradeCheck = 1030;
				ORGANIZATIONNAME = Johhny;
				TargetAttributes = {
					0AF885A022FBBA2800CDAE7C = {
						CreatedOnToolsVersion = 10.3;
					};
				};
			};
			buildConfigurationList = 0AF8859C22FBBA2800CDAE7C /* Build configuration list for PBXProject "RedsoDemo" */;
			compatibilityVersion = "Xcode 9.3";
			developmentRegion = en;
			hasScannedForEncodings = 0;
			knownRegions = (
				en,
				Base,
			);
			mainGroup = 0AF8859822FBBA2800CDAE7C;
			productRefGroup = 0AF885A222FBBA2800CDAE7C /* Products */;
			projectDirPath = "";
			projectRoot = "";
			targets = (
				0AF885A022FBBA2800CDAE7C /* RedsoDemo */,
			);
		};
/* End PBXProject section */

/* Begin PBXResourcesBuildPhase section */
		0AF8859F22FBBA2800CDAE7C /* Resources */ = {
			isa = PBXResourcesBuildPhase;
			buildActionMask = 2147483647;
			files = (
				0AF885AF22FBBA2900CDAE7C /* LaunchScreen.storyboard in Resources */,
				0AF885AC22FBBA2900CDAE7C /* Assets.xcassets in Resources */,
				0AF885AA22FBBA2800CDAE7C /* Main.storyboard in Resources */,
			);
			runOnlyForDeploymentPostprocessing = 0;
		};
/* End PBXResourcesBuildPhase section */

/* Begin PBXShellScriptBuildPhase section */
		0F4500E82FFCD43657DEF9C5 /* [CP] Embed Pods Frameworks */ = {
			isa = PBXShellScriptBuildPhase;
			buildActionMask = 2147483647;
			files = (
			);
			inputFileListPaths = (
				"${PODS_ROOT}/Target Support Files/Pods-RedsoDemo/Pods-RedsoDemo-frameworks-${CONFIGURATION}-input-files.xcfilelist",
			);
			name = "[CP] Embed Pods Frameworks";
			outputFileListPaths = (
				"${PODS_ROOT}/Target Support Files/Pods-RedsoDemo/Pods-RedsoDemo-frameworks-${CONFIGURATION}-output-files.xcfilelist",
			);
			runOnlyForDeploymentPostprocessing = 0;
			shellPath = /bin/sh;
			shellScript = "\"${PODS_ROOT}/Target Support Files/Pods-RedsoDemo/Pods-RedsoDemo-frameworks.sh\"\n";
			showEnvVarsInLog = 0;
		};
		8D99AC36F025D914FB61B7B6 /* [CP] Check Pods Manifest.lock */ = {
			isa = PBXShellScriptBuildPhase;
			buildActionMask = 2147483647;
			files = (
			);
			inputFileListPaths = (
			);
			inputPaths = (
				"${PODS_PODFILE_DIR_PATH}/Podfile.lock",
				"${PODS_ROOT}/Manifest.lock",
			);
			name = "[CP] Check Pods Manifest.lock";
			outputFileListPaths = (
			);
			outputPaths = (
				"$(DERIVED_FILE_DIR)/Pods-RedsoDemo-checkManifestLockResult.txt",
			);
			runOnlyForDeploymentPostprocessing = 0;
			shellPath = /bin/sh;
			shellScript = "diff \"${PODS_PODFILE_DIR_PATH}/Podfile.lock\" \"${PODS_ROOT}/Manifest.lock\" > /dev/null\nif [ $? != 0 ] ; then\n    # print error to STDERR\n    echo \"error: The sandbox is not in sync with the Podfile.lock. Run 'pod install' or update your CocoaPods installation.\" >&2\n    exit 1\nfi\n# This output is used by Xcode 'outputs' to avoid re-running this script phase.\necho \"SUCCESS\" > \"${SCRIPT_OUTPUT_FILE_0}\"\n";
			showEnvVarsInLog = 0;
		};
/* End PBXShellScriptBuildPhase section */

/* Begin PBXSourcesBuildPhase section */
		0AF8859D22FBBA2800CDAE7C /* Sources */ = {
			isa = PBXSourcesBuildPhase;
			buildActionMask = 2147483647;
			files = (
				0AF885C922FC398600CDAE7C /* Model.swift in Sources */,
				0AF885A522FBBA2800CDAE7C /* AppDelegate.swift in Sources */,
				0AF885C522FBD97700CDAE7C /* Extension.swift in Sources */,
				0AF885C722FBF41400CDAE7C /* MenuCollectionViewCell.swift in Sources */,
				0AAA8FEF22FD0AC800AB623C /* APIService.swift in Sources */,
				0AF885BE22FBC81D00CDAE7C /* MenuBar.swift in Sources */,
				0AF885CF22FC56A500CDAE7C /* HomeCollectionViewCell.swift in Sources */,
				0AF885CD22FC3BC000CDAE7C /* HomeSwipViewController.swift in Sources */,
				0AF885C022FBC89100CDAE7C /* PersonTableViewCell.swift in Sources */,
				0AF885BC22FBC7FE00CDAE7C /* LogoBar.swift in Sources */,
			);
			runOnlyForDeploymentPostprocessing = 0;
		};
/* End PBXSourcesBuildPhase section */

/* Begin PBXVariantGroup section */
		0AF885A822FBBA2800CDAE7C /* Main.storyboard */ = {
			isa = PBXVariantGroup;
			children = (
				0AF885A922FBBA2800CDAE7C /* Base */,
			);
			name = Main.storyboard;
			sourceTree = "<group>";
		};
		0AF885AD22FBBA2900CDAE7C /* LaunchScreen.storyboard */ = {
			isa = PBXVariantGroup;
			children = (
				0AF885AE22FBBA2900CDAE7C /* Base */,
			);
			name = LaunchScreen.storyboard;
			sourceTree = "<group>";
		};
/* End PBXVariantGroup section */

/* Begin XCBuildConfiguration section */
		0AF885B122FBBA2900CDAE7C /* Debug */ = {
			isa = XCBuildConfiguration;
			buildSettings = {
				ALWAYS_SEARCH_USER_PATHS = NO;
				CLANG_ANALYZER_NONNULL = YES;
				CLANG_ANALYZER_NUMBER_OBJECT_CONVERSION = YES_AGGRESSIVE;
				CLANG_CXX_LANGUAGE_STANDARD = "gnu++14";
				CLANG_CXX_LIBRARY = "libc++";
				CLANG_ENABLE_MODULES = YES;
				CLANG_ENABLE_OBJC_ARC = YES;
				CLANG_ENABLE_OBJC_WEAK = YES;
				CLANG_WARN_BLOCK_CAPTURE_AUTORELEASING = YES;
				CLANG_WARN_BOOL_CONVERSION = YES;
				CLANG_WARN_COMMA = YES;
				CLANG_WARN_CONSTANT_CONVERSION = YES;
				CLANG_WARN_DEPRECATED_OBJC_IMPLEMENTATIONS = YES;
				CLANG_WARN_DIRECT_OBJC_ISA_USAGE = YES_ERROR;
				CLANG_WARN_DOCUMENTATION_COMMENTS = YES;
				CLANG_WARN_EMPTY_BODY = YES;
				CLANG_WARN_ENUM_CONVERSION = YES;
				CLANG_WARN_INFINITE_RECURSION = YES;
				CLANG_WARN_INT_CONVERSION = YES;
				CLANG_WARN_NON_LITERAL_NULL_CONVERSION = YES;
				CLANG_WARN_OBJC_IMPLICIT_RETAIN_SELF = YES;
				CLANG_WARN_OBJC_LITERAL_CONVERSION = YES;
				CLANG_WARN_OBJC_ROOT_CLASS = YES_ERROR;
				CLANG_WARN_RANGE_LOOP_ANALYSIS = YES;
				CLANG_WARN_STRICT_PROTOTYPES = YES;
				CLANG_WARN_SUSPICIOUS_MOVE = YES;
				CLANG_WARN_UNGUARDED_AVAILABILITY = YES_AGGRESSIVE;
				CLANG_WARN_UNREACHABLE_CODE = YES;
				CLANG_WARN__DUPLICATE_METHOD_MATCH = YES;
				CODE_SIGN_IDENTITY = "iPhone Developer";
				COPY_PHASE_STRIP = NO;
				DEBUG_INFORMATION_FORMAT = dwarf;
				ENABLE_STRICT_OBJC_MSGSEND = YES;
				ENABLE_TESTABILITY = YES;
				GCC_C_LANGUAGE_STANDARD = gnu11;
				GCC_DYNAMIC_NO_PIC = NO;
				GCC_NO_COMMON_BLOCKS = YES;
				GCC_OPTIMIZATION_LEVEL = 0;
				GCC_PREPROCESSOR_DEFINITIONS = (
					"DEBUG=1",
					"$(inherited)",
				);
				GCC_WARN_64_TO_32_BIT_CONVERSION = YES;
				GCC_WARN_ABOUT_RETURN_TYPE = YES_ERROR;
				GCC_WARN_UNDECLARED_SELECTOR = YES;
				GCC_WARN_UNINITIALIZED_AUTOS = YES_AGGRESSIVE;
				GCC_WARN_UNUSED_FUNCTION = YES;
				GCC_WARN_UNUSED_VARIABLE = YES;
				IPHONEOS_DEPLOYMENT_TARGET = 12.4;
				MTL_ENABLE_DEBUG_INFO = INCLUDE_SOURCE;
				MTL_FAST_MATH = YES;
				ONLY_ACTIVE_ARCH = YES;
				SDKROOT = iphoneos;
				SWIFT_ACTIVE_COMPILATION_CONDITIONS = DEBUG;
				SWIFT_OPTIMIZATION_LEVEL = "-Onone";
			};
			name = Debug;
		};
		0AF885B222FBBA2900CDAE7C /* Release */ = {
			isa = XCBuildConfiguration;
			buildSettings = {
				ALWAYS_SEARCH_USER_PATHS = NO;
				CLANG_ANALYZER_NONNULL = YES;
				CLANG_ANALYZER_NUMBER_OBJECT_CONVERSION = YES_AGGRESSIVE;
				CLANG_CXX_LANGUAGE_STANDARD = "gnu++14";
				CLANG_CXX_LIBRARY = "libc++";
				CLANG_ENABLE_MODULES = YES;
				CLANG_ENABLE_OBJC_ARC = YES;
				CLANG_ENABLE_OBJC_WEAK = YES;
				CLANG_WARN_BLOCK_CAPTURE_AUTORELEASING = YES;
				CLANG_WARN_BOOL_CONVERSION = YES;
				CLANG_WARN_COMMA = YES;
				CLANG_WARN_CONSTANT_CONVERSION = YES;
				CLANG_WARN_DEPRECATED_OBJC_IMPLEMENTATIONS = YES;
				CLANG_WARN_DIRECT_OBJC_ISA_USAGE = YES_ERROR;
				CLANG_WARN_DOCUMENTATION_COMMENTS = YES;
				CLANG_WARN_EMPTY_BODY = YES;
				CLANG_WARN_ENUM_CONVERSION = YES;
				CLANG_WARN_INFINITE_RECURSION = YES;
				CLANG_WARN_INT_CONVERSION = YES;
				CLANG_WARN_NON_LITERAL_NULL_CONVERSION = YES;
				CLANG_WARN_OBJC_IMPLICIT_RETAIN_SELF = YES;
				CLANG_WARN_OBJC_LITERAL_CONVERSION = YES;
				CLANG_WARN_OBJC_ROOT_CLASS = YES_ERROR;
				CLANG_WARN_RANGE_LOOP_ANALYSIS = YES;
				CLANG_WARN_STRICT_PROTOTYPES = YES;
				CLANG_WARN_SUSPICIOUS_MOVE = YES;
				CLANG_WARN_UNGUARDED_AVAILABILITY = YES_AGGRESSIVE;
				CLANG_WARN_UNREACHABLE_CODE = YES;
				CLANG_WARN__DUPLICATE_METHOD_MATCH = YES;
				CODE_SIGN_IDENTITY = "iPhone Developer";
				COPY_PHASE_STRIP = NO;
				DEBUG_INFORMATION_FORMAT = "dwarf-with-dsym";
				ENABLE_NS_ASSERTIONS = NO;
				ENABLE_STRICT_OBJC_MSGSEND = YES;
				GCC_C_LANGUAGE_STANDARD = gnu11;
				GCC_NO_COMMON_BLOCKS = YES;
				GCC_WARN_64_TO_32_BIT_CONVERSION = YES;
				GCC_WARN_ABOUT_RETURN_TYPE = YES_ERROR;
				GCC_WARN_UNDECLARED_SELECTOR = YES;
				GCC_WARN_UNINITIALIZED_AUTOS = YES_AGGRESSIVE;
				GCC_WARN_UNUSED_FUNCTION = YES;
				GCC_WARN_UNUSED_VARIABLE = YES;
				IPHONEOS_DEPLOYMENT_TARGET = 12.4;
				MTL_ENABLE_DEBUG_INFO = NO;
				MTL_FAST_MATH = YES;
				SDKROOT = iphoneos;
				SWIFT_COMPILATION_MODE = wholemodule;
				SWIFT_OPTIMIZATION_LEVEL = "-O";
				VALIDATE_PRODUCT = YES;
			};
			name = Release;
		};
		0AF885B422FBBA2900CDAE7C /* Debug */ = {
			isa = XCBuildConfiguration;
			baseConfigurationReference = 31E83AFF5BA02E51C0E77D1F /* Pods-RedsoDemo.debug.xcconfig */;
			buildSettings = {
				ASSETCATALOG_COMPILER_APPICON_NAME = AppIcon;
				CODE_SIGN_STYLE = Automatic;
				DEVELOPMENT_TEAM = L53XGN22A5;
				INFOPLIST_FILE = RedsoDemo/Info.plist;
				LD_RUNPATH_SEARCH_PATHS = (
					"$(inherited)",
					"@executable_path/Frameworks",
				);
				PRODUCT_BUNDLE_IDENTIFIER = com.Johnny.RedsoDemo;
				PRODUCT_NAME = "$(TARGET_NAME)";
				SWIFT_VERSION = 5.0;
				TARGETED_DEVICE_FAMILY = "1,2";
			};
			name = Debug;
		};
		0AF885B522FBBA2900CDAE7C /* Release */ = {
			isa = XCBuildConfiguration;
			baseConfigurationReference = 8F1E825274A670FDC3A87237 /* Pods-RedsoDemo.release.xcconfig */;
			buildSettings = {
				ASSETCATALOG_COMPILER_APPICON_NAME = AppIcon;
				CODE_SIGN_STYLE = Automatic;
				DEVELOPMENT_TEAM = L53XGN22A5;
				INFOPLIST_FILE = RedsoDemo/Info.plist;
				LD_RUNPATH_SEARCH_PATHS = (
					"$(inherited)",
					"@executable_path/Frameworks",
				);
				PRODUCT_BUNDLE_IDENTIFIER = com.Johnny.RedsoDemo;
				PRODUCT_NAME = "$(TARGET_NAME)";
				SWIFT_VERSION = 5.0;
				TARGETED_DEVICE_FAMILY = "1,2";
			};
			name = Release;
		};
/* End XCBuildConfiguration section */

/* Begin XCConfigurationList section */
		0AF8859C22FBBA2800CDAE7C /* Build configuration list for PBXProject "RedsoDemo" */ = {
			isa = XCConfigurationList;
			buildConfigurations = (
				0AF885B122FBBA2900CDAE7C /* Debug */,
				0AF885B222FBBA2900CDAE7C /* Release */,
			);
			defaultConfigurationIsVisible = 0;
			defaultConfigurationName = Release;
		};
		0AF885B322FBBA2900CDAE7C /* Build configuration list for PBXNativeTarget "RedsoDemo" */ = {
			isa = XCConfigurationList;
			buildConfigurations = (
				0AF885B422FBBA2900CDAE7C /* Debug */,
				0AF885B522FBBA2900CDAE7C /* Release */,
			);
			defaultConfigurationIsVisible = 0;
			defaultConfigurationName = Release;
		};
/* End XCConfigurationList section */
	};
	rootObject = 0AF8859922FBBA2800CDAE7C /* Project object */;
}
